
Microsoft Visual Studio Solution File, Format Version 12.00
# Visual Studio 15
VisualStudioVersion = 15.0.28010.2050
MinimumVisualStudioVersion = 10.0.40219.1
Project("{FAE04EC0-301F-11D3-BF4B-00C04F79EFBC}") = "Jurassic World Alive", "Jurassic World Alive\Jurassic World Alive.csproj", "{71FC8321-4277-40D8-8872-50F19D9CCF38}"
EndProject
Global
	GlobalSection(SolutionConfigurationPlatforms) = preSolution
		Debug|Any CPU = Debug|Any CPU
		Release|Any CPU = Release|Any CPU
	EndGlobalSection
	GlobalSection(ProjectConfigurationPlatforms) = postSolution
		{71FC8321-4277-40D8-8872-50F19D9CCF38}.Debug|Any CPU.ActiveCfg = Debug|Any CPU
		{71FC8321-4277-40D8-8872-50F19D9CCF38}.Debug|Any CPU.Build.0 = Debug|Any CPU
		{71FC8321-4277-40D8-8872-50F19D9CCF38}.Release|Any CPU.ActiveCfg = Release|Any CPU
		{71FC8321-4277-40D8-8872-50F19D9CCF38}.Release|Any CPU.Build.0 = Release|Any CPU
	EndGlobalSection
	GlobalSection(SolutionProperties) = preSolution
		HideSolutionNode = FALSE
	EndGlobalSection
	GlobalSection(ExtensibilityGlobals) = postSolution
		SolutionGuid = {2BA57BDA-8ED6-4FF5-BAA3-52D00D4BADB9}
	EndGlobalSection
EndGlobal
